// !$*UTF8*$!
{
	archiveVersion = 1;
	classes = {
	};
	objectVersion = 50;
	objects = {

/* Begin PBXBuildFile section */
		8E6F3B5E220A25B6001D0C03 /* AppDelegate.swift in Sources */ = {isa = PBXBuildFile; fileRef = 8E6F3B5D220A25B6001D0C03 /* AppDelegate.swift */; };
		8E6F3B60220A25B6001D0C03 /* InputViewController.swift in Sources */ = {isa = PBXBuildFile; fileRef = 8E6F3B5F220A25B6001D0C03 /* InputViewController.swift */; };
		8E6F3B66220A25B6001D0C03 /* WheelyCoolApp.xcdatamodeld in Sources */ = {isa = PBXBuildFile; fileRef = 8E6F3B64220A25B6001D0C03 /* WheelyCoolApp.xcdatamodeld */; };
		8E6F3B68220A25B8001D0C03 /* Assets.xcassets in Resources */ = {isa = PBXBuildFile; fileRef = 8E6F3B67220A25B8001D0C03 /* Assets.xcassets */; };
		8E6F3B6B220A25B8001D0C03 /* LaunchScreen.storyboard in Resources */ = {isa = PBXBuildFile; fileRef = 8E6F3B69220A25B8001D0C03 /* LaunchScreen.storyboard */; };
		8E6F3B76220A25B8001D0C03 /* WheelyCoolAppTests.swift in Sources */ = {isa = PBXBuildFile; fileRef = 8E6F3B75220A25B8001D0C03 /* WheelyCoolAppTests.swift */; };
		8E6F3B81220A25B8001D0C03 /* WheelyCoolAppUITests.swift in Sources */ = {isa = PBXBuildFile; fileRef = 8E6F3B80220A25B8001D0C03 /* WheelyCoolAppUITests.swift */; };
		8E6F3B93220A80E1001D0C03 /* SpinWheelViewController.swift in Sources */ = {isa = PBXBuildFile; fileRef = 8E6F3B92220A80E1001D0C03 /* SpinWheelViewController.swift */; };
		8E6F3B95220A8114001D0C03 /* WheelView.swift in Sources */ = {isa = PBXBuildFile; fileRef = 8E6F3B94220A8114001D0C03 /* WheelView.swift */; };
		8E6F3B97220A8159001D0C03 /* WheelOption.swift in Sources */ = {isa = PBXBuildFile; fileRef = 8E6F3B96220A8159001D0C03 /* WheelOption.swift */; };
		8E6F3B99220A81E8001D0C03 /* BaseTableViewController.swift in Sources */ = {isa = PBXBuildFile; fileRef = 8E6F3B98220A81E8001D0C03 /* BaseTableViewController.swift */; };
		8E6F3B9C220A825E001D0C03 /* BaseTableViewCell.swift in Sources */ = {isa = PBXBuildFile; fileRef = 8E6F3B9B220A825E001D0C03 /* BaseTableViewCell.swift */; };
		8E6F3B9E220A8299001D0C03 /* WheelOptionTableViewCell.swift in Sources */ = {isa = PBXBuildFile; fileRef = 8E6F3B9D220A8299001D0C03 /* WheelOptionTableViewCell.swift */; };
		8E6F3BA0220A83BB001D0C03 /* ActionButton.swift in Sources */ = {isa = PBXBuildFile; fileRef = 8E6F3B9F220A83BB001D0C03 /* ActionButton.swift */; };
		8E6F3BA2220A841E001D0C03 /* SetupTableViewController.swift in Sources */ = {isa = PBXBuildFile; fileRef = 8E6F3BA1220A841E001D0C03 /* SetupTableViewController.swift */; };
/* End PBXBuildFile section */

/* Begin PBXContainerItemProxy section */
		8E6F3B72220A25B8001D0C03 /* PBXContainerItemProxy */ = {
			isa = PBXContainerItemProxy;
			containerPortal = 8E6F3B52220A25B6001D0C03 /* Project object */;
			proxyType = 1;
			remoteGlobalIDString = 8E6F3B59220A25B6001D0C03;
			remoteInfo = WheelyCoolApp;
		};
		8E6F3B7D220A25B8001D0C03 /* PBXContainerItemProxy */ = {
			isa = PBXContainerItemProxy;
			containerPortal = 8E6F3B52220A25B6001D0C03 /* Project object */;
			proxyType = 1;
			remoteGlobalIDString = 8E6F3B59220A25B6001D0C03;
			remoteInfo = WheelyCoolApp;
		};
/* End PBXContainerItemProxy section */

/* Begin PBXFileReference section */
		8E6F3B5A220A25B6001D0C03 /* WheelyCoolApp.app */ = {isa = PBXFileReference; explicitFileType = wrapper.application; includeInIndex = 0; path = WheelyCoolApp.app; sourceTree = BUILT_PRODUCTS_DIR; };
		8E6F3B5D220A25B6001D0C03 /* AppDelegate.swift */ = {isa = PBXFileReference; lastKnownFileType = sourcecode.swift; path = AppDelegate.swift; sourceTree = "<group>"; };
		8E6F3B5F220A25B6001D0C03 /* InputViewController.swift */ = {isa = PBXFileReference; lastKnownFileType = sourcecode.swift; path = InputViewController.swift; sourceTree = "<group>"; };
		8E6F3B65220A25B6001D0C03 /* WheelyCoolApp.xcdatamodel */ = {isa = PBXFileReference; lastKnownFileType = wrapper.xcdatamodel; path = WheelyCoolApp.xcdatamodel; sourceTree = "<group>"; };
		8E6F3B67220A25B8001D0C03 /* Assets.xcassets */ = {isa = PBXFileReference; lastKnownFileType = folder.assetcatalog; path = Assets.xcassets; sourceTree = "<group>"; };
		8E6F3B6A220A25B8001D0C03 /* Base */ = {isa = PBXFileReference; lastKnownFileType = file.storyboard; name = Base; path = Base.lproj/LaunchScreen.storyboard; sourceTree = "<group>"; };
		8E6F3B6C220A25B8001D0C03 /* Info.plist */ = {isa = PBXFileReference; lastKnownFileType = text.plist.xml; path = Info.plist; sourceTree = "<group>"; };
		8E6F3B71220A25B8001D0C03 /* WheelyCoolAppTests.xctest */ = {isa = PBXFileReference; explicitFileType = wrapper.cfbundle; includeInIndex = 0; path = WheelyCoolAppTests.xctest; sourceTree = BUILT_PRODUCTS_DIR; };
		8E6F3B75220A25B8001D0C03 /* WheelyCoolAppTests.swift */ = {isa = PBXFileReference; lastKnownFileType = sourcecode.swift; path = WheelyCoolAppTests.swift; sourceTree = "<group>"; };
		8E6F3B77220A25B8001D0C03 /* Info.plist */ = {isa = PBXFileReference; lastKnownFileType = text.plist.xml; path = Info.plist; sourceTree = "<group>"; };
		8E6F3B7C220A25B8001D0C03 /* WheelyCoolAppUITests.xctest */ = {isa = PBXFileReference; explicitFileType = wrapper.cfbundle; includeInIndex = 0; path = WheelyCoolAppUITests.xctest; sourceTree = BUILT_PRODUCTS_DIR; };
		8E6F3B80220A25B8001D0C03 /* WheelyCoolAppUITests.swift */ = {isa = PBXFileReference; lastKnownFileType = sourcecode.swift; path = WheelyCoolAppUITests.swift; sourceTree = "<group>"; };
		8E6F3B82220A25B8001D0C03 /* Info.plist */ = {isa = PBXFileReference; lastKnownFileType = text.plist.xml; path = Info.plist; sourceTree = "<group>"; };
		8E6F3B92220A80E1001D0C03 /* SpinWheelViewController.swift */ = {isa = PBXFileReference; lastKnownFileType = sourcecode.swift; path = SpinWheelViewController.swift; sourceTree = "<group>"; };
		8E6F3B94220A8114001D0C03 /* WheelView.swift */ = {isa = PBXFileReference; lastKnownFileType = sourcecode.swift; path = WheelView.swift; sourceTree = "<group>"; };
		8E6F3B96220A8159001D0C03 /* WheelOption.swift */ = {isa = PBXFileReference; lastKnownFileType = sourcecode.swift; path = WheelOption.swift; sourceTree = "<group>"; };
		8E6F3B98220A81E8001D0C03 /* BaseTableViewController.swift */ = {isa = PBXFileReference; lastKnownFileType = sourcecode.swift; path = BaseTableViewController.swift; sourceTree = "<group>"; };
		8E6F3B9B220A825E001D0C03 /* BaseTableViewCell.swift */ = {isa = PBXFileReference; lastKnownFileType = sourcecode.swift; path = BaseTableViewCell.swift; sourceTree = "<group>"; };
		8E6F3B9D220A8299001D0C03 /* WheelOptionTableViewCell.swift */ = {isa = PBXFileReference; lastKnownFileType = sourcecode.swift; path = WheelOptionTableViewCell.swift; sourceTree = "<group>"; };
		8E6F3B9F220A83BB001D0C03 /* ActionButton.swift */ = {isa = PBXFileReference; lastKnownFileType = sourcecode.swift; path = ActionButton.swift; sourceTree = "<group>"; };
		8E6F3BA1220A841E001D0C03 /* SetupTableViewController.swift */ = {isa = PBXFileReference; lastKnownFileType = sourcecode.swift; path = SetupTableViewController.swift; sourceTree = "<group>"; };
/* End PBXFileReference section */

/* Begin PBXFrameworksBuildPhase section */
		8E6F3B57220A25B6001D0C03 /* Frameworks */ = {
			isa = PBXFrameworksBuildPhase;
			buildActionMask = 2147483647;
			files = (
			);
			runOnlyForDeploymentPostprocessing = 0;
		};
		8E6F3B6E220A25B8001D0C03 /* Frameworks */ = {
			isa = PBXFrameworksBuildPhase;
			buildActionMask = 2147483647;
			files = (
			);
			runOnlyForDeploymentPostprocessing = 0;
		};
		8E6F3B79220A25B8001D0C03 /* Frameworks */ = {
			isa = PBXFrameworksBuildPhase;
			buildActionMask = 2147483647;
			files = (
			);
			runOnlyForDeploymentPostprocessing = 0;
		};
/* End PBXFrameworksBuildPhase section */

/* Begin PBXGroup section */
		8E6F3B51220A25B6001D0C03 = {
			isa = PBXGroup;
			children = (
				8E6F3B5C220A25B6001D0C03 /* WheelyCoolApp */,
				8E6F3B74220A25B8001D0C03 /* WheelyCoolAppTests */,
				8E6F3B7F220A25B8001D0C03 /* WheelyCoolAppUITests */,
				8E6F3B5B220A25B6001D0C03 /* Products */,
			);
			sourceTree = "<group>";
		};
		8E6F3B5B220A25B6001D0C03 /* Products */ = {
			isa = PBXGroup;
			children = (
				8E6F3B5A220A25B6001D0C03 /* WheelyCoolApp.app */,
				8E6F3B71220A25B8001D0C03 /* WheelyCoolAppTests.xctest */,
				8E6F3B7C220A25B8001D0C03 /* WheelyCoolAppUITests.xctest */,
			);
			name = Products;
			sourceTree = "<group>";
		};
		8E6F3B5C220A25B6001D0C03 /* WheelyCoolApp */ = {
			isa = PBXGroup;
			children = (
				8E6F3B91220A8073001D0C03 /* SupportFiles */,
				8E6F3B90220A806A001D0C03 /* Models */,
				8E6F3B8F220A8061001D0C03 /* Views */,
				8E6F3B8E220A8058001D0C03 /* Controllers */,
			);
			path = WheelyCoolApp;
			sourceTree = "<group>";
		};
		8E6F3B74220A25B8001D0C03 /* WheelyCoolAppTests */ = {
			isa = PBXGroup;
			children = (
				8E6F3B75220A25B8001D0C03 /* WheelyCoolAppTests.swift */,
				8E6F3B77220A25B8001D0C03 /* Info.plist */,
			);
			path = WheelyCoolAppTests;
			sourceTree = "<group>";
		};
		8E6F3B7F220A25B8001D0C03 /* WheelyCoolAppUITests */ = {
			isa = PBXGroup;
			children = (
				8E6F3B80220A25B8001D0C03 /* WheelyCoolAppUITests.swift */,
				8E6F3B82220A25B8001D0C03 /* Info.plist */,
			);
			path = WheelyCoolAppUITests;
			sourceTree = "<group>";
		};
		8E6F3B8E220A8058001D0C03 /* Controllers */ = {
			isa = PBXGroup;
			children = (
				8E6F3B98220A81E8001D0C03 /* BaseTableViewController.swift */,
				8E6F3BA1220A841E001D0C03 /* SetupTableViewController.swift */,
				8E6F3B5F220A25B6001D0C03 /* InputViewController.swift */,
				8E6F3B92220A80E1001D0C03 /* SpinWheelViewController.swift */,
			);
			path = Controllers;
			sourceTree = "<group>";
		};
		8E6F3B8F220A8061001D0C03 /* Views */ = {
			isa = PBXGroup;
			children = (
				8E6F3B9A220A821F001D0C03 /* Cells */,
				8E6F3B94220A8114001D0C03 /* WheelView.swift */,
				8E6F3B9F220A83BB001D0C03 /* ActionButton.swift */,
			);
			path = Views;
			sourceTree = "<group>";
		};
		8E6F3B90220A806A001D0C03 /* Models */ = {
			isa = PBXGroup;
			children = (
				8E6F3B96220A8159001D0C03 /* WheelOption.swift */,
			);
			path = Models;
			sourceTree = "<group>";
		};
		8E6F3B91220A8073001D0C03 /* SupportFiles */ = {
			isa = PBXGroup;
			children = (
				8E6F3B64220A25B6001D0C03 /* WheelyCoolApp.xcdatamodeld */,
				8E6F3B5D220A25B6001D0C03 /* AppDelegate.swift */,
				8E6F3B67220A25B8001D0C03 /* Assets.xcassets */,
				8E6F3B69220A25B8001D0C03 /* LaunchScreen.storyboard */,
				8E6F3B6C220A25B8001D0C03 /* Info.plist */,
			);
			path = SupportFiles;
			sourceTree = "<group>";
		};
		8E6F3B9A220A821F001D0C03 /* Cells */ = {
			isa = PBXGroup;
			children = (
				8E6F3B9B220A825E001D0C03 /* BaseTableViewCell.swift */,
				8E6F3B9D220A8299001D0C03 /* WheelOptionTableViewCell.swift */,
			);
			path = Cells;
			sourceTree = "<group>";
		};
/* End PBXGroup section */

/* Begin PBXNativeTarget section */
		8E6F3B59220A25B6001D0C03 /* WheelyCoolApp */ = {
			isa = PBXNativeTarget;
			buildConfigurationList = 8E6F3B85220A25B8001D0C03 /* Build configuration list for PBXNativeTarget "WheelyCoolApp" */;
			buildPhases = (
				8E6F3B56220A25B6001D0C03 /* Sources */,
				8E6F3B57220A25B6001D0C03 /* Frameworks */,
				8E6F3B58220A25B6001D0C03 /* Resources */,
			);
			buildRules = (
			);
			dependencies = (
			);
			name = WheelyCoolApp;
			productName = WheelyCoolApp;
			productReference = 8E6F3B5A220A25B6001D0C03 /* WheelyCoolApp.app */;
			productType = "com.apple.product-type.application";
		};
		8E6F3B70220A25B8001D0C03 /* WheelyCoolAppTests */ = {
			isa = PBXNativeTarget;
			buildConfigurationList = 8E6F3B88220A25B8001D0C03 /* Build configuration list for PBXNativeTarget "WheelyCoolAppTests" */;
			buildPhases = (
				8E6F3B6D220A25B8001D0C03 /* Sources */,
				8E6F3B6E220A25B8001D0C03 /* Frameworks */,
				8E6F3B6F220A25B8001D0C03 /* Resources */,
			);
			buildRules = (
			);
			dependencies = (
				8E6F3B73220A25B8001D0C03 /* PBXTargetDependency */,
			);
			name = WheelyCoolAppTests;
			productName = WheelyCoolAppTests;
			productReference = 8E6F3B71220A25B8001D0C03 /* WheelyCoolAppTests.xctest */;
			productType = "com.apple.product-type.bundle.unit-test";
		};
		8E6F3B7B220A25B8001D0C03 /* WheelyCoolAppUITests */ = {
			isa = PBXNativeTarget;
			buildConfigurationList = 8E6F3B8B220A25B8001D0C03 /* Build configuration list for PBXNativeTarget "WheelyCoolAppUITests" */;
			buildPhases = (
				8E6F3B78220A25B8001D0C03 /* Sources */,
				8E6F3B79220A25B8001D0C03 /* Frameworks */,
				8E6F3B7A220A25B8001D0C03 /* Resources */,
			);
			buildRules = (
			);
			dependencies = (
				8E6F3B7E220A25B8001D0C03 /* PBXTargetDependency */,
			);
			name = WheelyCoolAppUITests;
			productName = WheelyCoolAppUITests;
			productReference = 8E6F3B7C220A25B8001D0C03 /* WheelyCoolAppUITests.xctest */;
			productType = "com.apple.product-type.bundle.ui-testing";
		};
/* End PBXNativeTarget section */

/* Begin PBXProject section */
		8E6F3B52220A25B6001D0C03 /* Project object */ = {
			isa = PBXProject;
			attributes = {
				LastSwiftUpdateCheck = 1010;
				LastUpgradeCheck = 1010;
				ORGANIZATIONNAME = jChavez17;
				TargetAttributes = {
					8E6F3B59220A25B6001D0C03 = {
						CreatedOnToolsVersion = 10.1;
					};
					8E6F3B70220A25B8001D0C03 = {
						CreatedOnToolsVersion = 10.1;
						TestTargetID = 8E6F3B59220A25B6001D0C03;
					};
					8E6F3B7B220A25B8001D0C03 = {
						CreatedOnToolsVersion = 10.1;
						TestTargetID = 8E6F3B59220A25B6001D0C03;
					};
				};
			};
			buildConfigurationList = 8E6F3B55220A25B6001D0C03 /* Build configuration list for PBXProject "WheelyCoolApp" */;
			compatibilityVersion = "Xcode 9.3";
			developmentRegion = en;
			hasScannedForEncodings = 0;
			knownRegions = (
				en,
				Base,
			);
			mainGroup = 8E6F3B51220A25B6001D0C03;
			productRefGroup = 8E6F3B5B220A25B6001D0C03 /* Products */;
			projectDirPath = "";
			projectRoot = "";
			targets = (
				8E6F3B59220A25B6001D0C03 /* WheelyCoolApp */,
				8E6F3B70220A25B8001D0C03 /* WheelyCoolAppTests */,
				8E6F3B7B220A25B8001D0C03 /* WheelyCoolAppUITests */,
			);
		};
/* End PBXProject section */

/* Begin PBXResourcesBuildPhase section */
		8E6F3B58220A25B6001D0C03 /* Resources */ = {
			isa = PBXResourcesBuildPhase;
			buildActionMask = 2147483647;
			files = (
				8E6F3B6B220A25B8001D0C03 /* LaunchScreen.storyboard in Resources */,
				8E6F3B68220A25B8001D0C03 /* Assets.xcassets in Resources */,
			);
			runOnlyForDeploymentPostprocessing = 0;
		};
		8E6F3B6F220A25B8001D0C03 /* Resources */ = {
			isa = PBXResourcesBuildPhase;
			buildActionMask = 2147483647;
			files = (
			);
			runOnlyForDeploymentPostprocessing = 0;
		};
		8E6F3B7A220A25B8001D0C03 /* Resources */ = {
			isa = PBXResourcesBuildPhase;
			buildActionMask = 2147483647;
			files = (
			);
			runOnlyForDeploymentPostprocessing = 0;
		};
/* End PBXResourcesBuildPhase section */

/* Begin PBXSourcesBuildPhase section */
		8E6F3B56220A25B6001D0C03 /* Sources */ = {
			isa = PBXSourcesBuildPhase;
			buildActionMask = 2147483647;
			files = (
				8E6F3B9C220A825E001D0C03 /* BaseTableViewCell.swift in Sources */,
				8E6F3B60220A25B6001D0C03 /* InputViewController.swift in Sources */,
				8E6F3B66220A25B6001D0C03 /* WheelyCoolApp.xcdatamodeld in Sources */,
				8E6F3B95220A8114001D0C03 /* WheelView.swift in Sources */,
				8E6F3B9E220A8299001D0C03 /* WheelOptionTableViewCell.swift in Sources */,
				8E6F3B99220A81E8001D0C03 /* BaseTableViewController.swift in Sources */,
				8E6F3B93220A80E1001D0C03 /* SpinWheelViewController.swift in Sources */,
				8E6F3B97220A8159001D0C03 /* WheelOption.swift in Sources */,
				8E6F3B5E220A25B6001D0C03 /* AppDelegate.swift in Sources */,
				8E6F3BA0220A83BB001D0C03 /* ActionButton.swift in Sources */,
				8E6F3BA2220A841E001D0C03 /* SetupTableViewController.swift in Sources */,
			);
			runOnlyForDeploymentPostprocessing = 0;
		};
		8E6F3B6D220A25B8001D0C03 /* Sources */ = {
			isa = PBXSourcesBuildPhase;
			buildActionMask = 2147483647;
			files = (
				8E6F3B76220A25B8001D0C03 /* WheelyCoolAppTests.swift in Sources */,
			);
			runOnlyForDeploymentPostprocessing = 0;
		};
		8E6F3B78220A25B8001D0C03 /* Sources */ = {
			isa = PBXSourcesBuildPhase;
			buildActionMask = 2147483647;
			files = (
				8E6F3B81220A25B8001D0C03 /* WheelyCoolAppUITests.swift in Sources */,
			);
			runOnlyForDeploymentPostprocessing = 0;
		};
/* End PBXSourcesBuildPhase section */

/* Begin PBXTargetDependency section */
		8E6F3B73220A25B8001D0C03 /* PBXTargetDependency */ = {
			isa = PBXTargetDependency;
			target = 8E6F3B59220A25B6001D0C03 /* WheelyCoolApp */;
			targetProxy = 8E6F3B72220A25B8001D0C03 /* PBXContainerItemProxy */;
		};
		8E6F3B7E220A25B8001D0C03 /* PBXTargetDependency */ = {
			isa = PBXTargetDependency;
			target = 8E6F3B59220A25B6001D0C03 /* WheelyCoolApp */;
			targetProxy = 8E6F3B7D220A25B8001D0C03 /* PBXContainerItemProxy */;
		};
/* End PBXTargetDependency section */

/* Begin PBXVariantGroup section */
		8E6F3B69220A25B8001D0C03 /* LaunchScreen.storyboard */ = {
			isa = PBXVariantGroup;
			children = (
				8E6F3B6A220A25B8001D0C03 /* Base */,
			);
			name = LaunchScreen.storyboard;
			sourceTree = "<group>";
		};
/* End PBXVariantGroup section */

/* Begin XCBuildConfiguration section */
		8E6F3B83220A25B8001D0C03 /* Debug */ = {
			isa = XCBuildConfiguration;
			buildSettings = {
				ALWAYS_SEARCH_USER_PATHS = NO;
				CLANG_ANALYZER_NONNULL = YES;
				CLANG_ANALYZER_NUMBER_OBJECT_CONVERSION = YES_AGGRESSIVE;
				CLANG_CXX_LANGUAGE_STANDARD = "gnu++14";
				CLANG_CXX_LIBRARY = "libc++";
				CLANG_ENABLE_MODULES = YES;
				CLANG_ENABLE_OBJC_ARC = YES;
				CLANG_ENABLE_OBJC_WEAK = YES;
				CLANG_WARN_BLOCK_CAPTURE_AUTORELEASING = YES;
				CLANG_WARN_BOOL_CONVERSION = YES;
				CLANG_WARN_COMMA = YES;
				CLANG_WARN_CONSTANT_CONVERSION = YES;
				CLANG_WARN_DEPRECATED_OBJC_IMPLEMENTATIONS = YES;
				CLANG_WARN_DIRECT_OBJC_ISA_USAGE = YES_ERROR;
				CLANG_WARN_DOCUMENTATION_COMMENTS = YES;
				CLANG_WARN_EMPTY_BODY = YES;
				CLANG_WARN_ENUM_CONVERSION = YES;
				CLANG_WARN_INFINITE_RECURSION = YES;
				CLANG_WARN_INT_CONVERSION = YES;
				CLANG_WARN_NON_LITERAL_NULL_CONVERSION = YES;
				CLANG_WARN_OBJC_IMPLICIT_RETAIN_SELF = YES;
				CLANG_WARN_OBJC_LITERAL_CONVERSION = YES;
				CLANG_WARN_OBJC_ROOT_CLASS = YES_ERROR;
				CLANG_WARN_RANGE_LOOP_ANALYSIS = YES;
				CLANG_WARN_STRICT_PROTOTYPES = YES;
				CLANG_WARN_SUSPICIOUS_MOVE = YES;
				CLANG_WARN_UNGUARDED_AVAILABILITY = YES_AGGRESSIVE;
				CLANG_WARN_UNREACHABLE_CODE = YES;
				CLANG_WARN__DUPLICATE_METHOD_MATCH = YES;
				CODE_SIGN_IDENTITY = "iPhone Developer";
				COPY_PHASE_STRIP = NO;
				DEBUG_INFORMATION_FORMAT = dwarf;
				ENABLE_STRICT_OBJC_MSGSEND = YES;
				ENABLE_TESTABILITY = YES;
				GCC_C_LANGUAGE_STANDARD = gnu11;
				GCC_DYNAMIC_NO_PIC = NO;
				GCC_NO_COMMON_BLOCKS = YES;
				GCC_OPTIMIZATION_LEVEL = 0;
				GCC_PREPROCESSOR_DEFINITIONS = (
					"DEBUG=1",
					"$(inherited)",
				);
				GCC_WARN_64_TO_32_BIT_CONVERSION = YES;
				GCC_WARN_ABOUT_RETURN_TYPE = YES_ERROR;
				GCC_WARN_UNDECLARED_SELECTOR = YES;
				GCC_WARN_UNINITIALIZED_AUTOS = YES_AGGRESSIVE;
				GCC_WARN_UNUSED_FUNCTION = YES;
				GCC_WARN_UNUSED_VARIABLE = YES;
				IPHONEOS_DEPLOYMENT_TARGET = 12.1;
				MTL_ENABLE_DEBUG_INFO = INCLUDE_SOURCE;
				MTL_FAST_MATH = YES;
				ONLY_ACTIVE_ARCH = YES;
				SDKROOT = iphoneos;
				SWIFT_ACTIVE_COMPILATION_CONDITIONS = DEBUG;
				SWIFT_OPTIMIZATION_LEVEL = "-Onone";
			};
			name = Debug;
		};
		8E6F3B84220A25B8001D0C03 /* Release */ = {
			isa = XCBuildConfiguration;
			buildSettings = {
				ALWAYS_SEARCH_USER_PATHS = NO;
				CLANG_ANALYZER_NONNULL = YES;
				CLANG_ANALYZER_NUMBER_OBJECT_CONVERSION = YES_AGGRESSIVE;
				CLANG_CXX_LANGUAGE_STANDARD = "gnu++14";
				CLANG_CXX_LIBRARY = "libc++";
				CLANG_ENABLE_MODULES = YES;
				CLANG_ENABLE_OBJC_ARC = YES;
				CLANG_ENABLE_OBJC_WEAK = YES;
				CLANG_WARN_BLOCK_CAPTURE_AUTORELEASING = YES;
				CLANG_WARN_BOOL_CONVERSION = YES;
				CLANG_WARN_COMMA = YES;
				CLANG_WARN_CONSTANT_CONVERSION = YES;
				CLANG_WARN_DEPRECATED_OBJC_IMPLEMENTATIONS = YES;
				CLANG_WARN_DIRECT_OBJC_ISA_USAGE = YES_ERROR;
				CLANG_WARN_DOCUMENTATION_COMMENTS = YES;
				CLANG_WARN_EMPTY_BODY = YES;
				CLANG_WARN_ENUM_CONVERSION = YES;
				CLANG_WARN_INFINITE_RECURSION = YES;
				CLANG_WARN_INT_CONVERSION = YES;
				CLANG_WARN_NON_LITERAL_NULL_CONVERSION = YES;
				CLANG_WARN_OBJC_IMPLICIT_RETAIN_SELF = YES;
				CLANG_WARN_OBJC_LITERAL_CONVERSION = YES;
				CLANG_WARN_OBJC_ROOT_CLASS = YES_ERROR;
				CLANG_WARN_RANGE_LOOP_ANALYSIS = YES;
				CLANG_WARN_STRICT_PROTOTYPES = YES;
				CLANG_WARN_SUSPICIOUS_MOVE = YES;
				CLANG_WARN_UNGUARDED_AVAILABILITY = YES_AGGRESSIVE;
				CLANG_WARN_UNREACHABLE_CODE = YES;
				CLANG_WARN__DUPLICATE_METHOD_MATCH = YES;
				CODE_SIGN_IDENTITY = "iPhone Developer";
				COPY_PHASE_STRIP = NO;
				DEBUG_INFORMATION_FORMAT = "dwarf-with-dsym";
				ENABLE_NS_ASSERTIONS = NO;
				ENABLE_STRICT_OBJC_MSGSEND = YES;
				GCC_C_LANGUAGE_STANDARD = gnu11;
				GCC_NO_COMMON_BLOCKS = YES;
				GCC_WARN_64_TO_32_BIT_CONVERSION = YES;
				GCC_WARN_ABOUT_RETURN_TYPE = YES_ERROR;
				GCC_WARN_UNDECLARED_SELECTOR = YES;
				GCC_WARN_UNINITIALIZED_AUTOS = YES_AGGRESSIVE;
				GCC_WARN_UNUSED_FUNCTION = YES;
				GCC_WARN_UNUSED_VARIABLE = YES;
				IPHONEOS_DEPLOYMENT_TARGET = 12.1;
				MTL_ENABLE_DEBUG_INFO = NO;
				MTL_FAST_MATH = YES;
				SDKROOT = iphoneos;
				SWIFT_COMPILATION_MODE = wholemodule;
				SWIFT_OPTIMIZATION_LEVEL = "-O";
				VALIDATE_PRODUCT = YES;
			};
			name = Release;
		};
		8E6F3B86220A25B8001D0C03 /* Debug */ = {
			isa = XCBuildConfiguration;
			buildSettings = {
				ASSETCATALOG_COMPILER_APPICON_NAME = AppIcon;
				CODE_SIGN_STYLE = Automatic;
				DEVELOPMENT_TEAM = 8HX4YFMCU4;
				INFOPLIST_FILE = WheelyCoolApp/Info.plist;
				LD_RUNPATH_SEARCH_PATHS = (
					"$(inherited)",
					"@executable_path/Frameworks",
				);
				PRODUCT_BUNDLE_IDENTIFIER = jChavez.WheelyCoolApp;
				PRODUCT_NAME = "$(TARGET_NAME)";
				SWIFT_VERSION = 4.2;
				TARGETED_DEVICE_FAMILY = "1,2";
			};
			name = Debug;
		};
		8E6F3B87220A25B8001D0C03 /* Release */ = {
			isa = XCBuildConfiguration;
			buildSettings = {
				ASSETCATALOG_COMPILER_APPICON_NAME = AppIcon;
				CODE_SIGN_STYLE = Automatic;
				DEVELOPMENT_TEAM = 8HX4YFMCU4;
				INFOPLIST_FILE = WheelyCoolApp/Info.plist;
				LD_RUNPATH_SEARCH_PATHS = (
					"$(inherited)",
					"@executable_path/Frameworks",
				);
				PRODUCT_BUNDLE_IDENTIFIER = jChavez.WheelyCoolApp;
				PRODUCT_NAME = "$(TARGET_NAME)";
				SWIFT_VERSION = 4.2;
				TARGETED_DEVICE_FAMILY = "1,2";
			};
			name = Release;
		};
		8E6F3B89220A25B8001D0C03 /* Debug */ = {
			isa = XCBuildConfiguration;
			buildSettings = {
				ALWAYS_EMBED_SWIFT_STANDARD_LIBRARIES = YES;
				BUNDLE_LOADER = "$(TEST_HOST)";
				CODE_SIGN_STYLE = Automatic;
				DEVELOPMENT_TEAM = 8HX4YFMCU4;
				INFOPLIST_FILE = WheelyCoolAppTests/Info.plist;
				LD_RUNPATH_SEARCH_PATHS = (
					"$(inherited)",
					"@executable_path/Frameworks",
					"@loader_path/Frameworks",
				);
				PRODUCT_BUNDLE_IDENTIFIER = jChavez.WheelyCoolAppTests;
				PRODUCT_NAME = "$(TARGET_NAME)";
				SWIFT_VERSION = 4.2;
				TARGETED_DEVICE_FAMILY = "1,2";
				TEST_HOST = "$(BUILT_PRODUCTS_DIR)/WheelyCoolApp.app/WheelyCoolApp";
			};
			name = Debug;
		};
		8E6F3B8A220A25B8001D0C03 /* Release */ = {
			isa = XCBuildConfiguration;
			buildSettings = {
				ALWAYS_EMBED_SWIFT_STANDARD_LIBRARIES = YES;
				BUNDLE_LOADER = "$(TEST_HOST)";
				CODE_SIGN_STYLE = Automatic;
				DEVELOPMENT_TEAM = 8HX4YFMCU4;
				INFOPLIST_FILE = WheelyCoolAppTests/Info.plist;
				LD_RUNPATH_SEARCH_PATHS = (
					"$(inherited)",
					"@executable_path/Frameworks",
					"@loader_path/Frameworks",
				);
				PRODUCT_BUNDLE_IDENTIFIER = jChavez.WheelyCoolAppTests;
				PRODUCT_NAME = "$(TARGET_NAME)";
				SWIFT_VERSION = 4.2;
				TARGETED_DEVICE_FAMILY = "1,2";
				TEST_HOST = "$(BUILT_PRODUCTS_DIR)/WheelyCoolApp.app/WheelyCoolApp";
			};
			name = Release;
		};
		8E6F3B8C220A25B8001D0C03 /* Debug */ = {
			isa = XCBuildConfiguration;
			buildSettings = {
				ALWAYS_EMBED_SWIFT_STANDARD_LIBRARIES = YES;
				CODE_SIGN_STYLE = Automatic;
				DEVELOPMENT_TEAM = 8HX4YFMCU4;
				INFOPLIST_FILE = WheelyCoolAppUITests/Info.plist;
				LD_RUNPATH_SEARCH_PATHS = (
					"$(inherited)",
					"@executable_path/Frameworks",
					"@loader_path/Frameworks",
				);
				PRODUCT_BUNDLE_IDENTIFIER = jChavez.WheelyCoolAppUITests;
				PRODUCT_NAME = "$(TARGET_NAME)";
				SWIFT_VERSION = 4.2;
				TARGETED_DEVICE_FAMILY = "1,2";
				TEST_TARGET_NAME = WheelyCoolApp;
			};
			name = Debug;
		};
		8E6F3B8D220A25B8001D0C03 /* Release */ = {
			isa = XCBuildConfiguration;
			buildSettings = {
				ALWAYS_EMBED_SWIFT_STANDARD_LIBRARIES = YES;
				CODE_SIGN_STYLE = Automatic;
				DEVELOPMENT_TEAM = 8HX4YFMCU4;
				INFOPLIST_FILE = WheelyCoolAppUITests/Info.plist;
				LD_RUNPATH_SEARCH_PATHS = (
					"$(inherited)",
					"@executable_path/Frameworks",
					"@loader_path/Frameworks",
				);
				PRODUCT_BUNDLE_IDENTIFIER = jChavez.WheelyCoolAppUITests;
				PRODUCT_NAME = "$(TARGET_NAME)";
				SWIFT_VERSION = 4.2;
				TARGETED_DEVICE_FAMILY = "1,2";
				TEST_TARGET_NAME = WheelyCoolApp;
			};
			name = Release;
		};
/* End XCBuildConfiguration section */

/* Begin XCConfigurationList section */
		8E6F3B55220A25B6001D0C03 /* Build configuration list for PBXProject "WheelyCoolApp" */ = {
			isa = XCConfigurationList;
			buildConfigurations = (
				8E6F3B83220A25B8001D0C03 /* Debug */,
				8E6F3B84220A25B8001D0C03 /* Release */,
			);
			defaultConfigurationIsVisible = 0;
			defaultConfigurationName = Release;
		};
		8E6F3B85220A25B8001D0C03 /* Build configuration list for PBXNativeTarget "WheelyCoolApp" */ = {
			isa = XCConfigurationList;
			buildConfigurations = (
				8E6F3B86220A25B8001D0C03 /* Debug */,
				8E6F3B87220A25B8001D0C03 /* Release */,
			);
			defaultConfigurationIsVisible = 0;
			defaultConfigurationName = Release;
		};
		8E6F3B88220A25B8001D0C03 /* Build configuration list for PBXNativeTarget "WheelyCoolAppTests" */ = {
			isa = XCConfigurationList;
			buildConfigurations = (
				8E6F3B89220A25B8001D0C03 /* Debug */,
				8E6F3B8A220A25B8001D0C03 /* Release */,
			);
			defaultConfigurationIsVisible = 0;
			defaultConfigurationName = Release;
		};
		8E6F3B8B220A25B8001D0C03 /* Build configuration list for PBXNativeTarget "WheelyCoolAppUITests" */ = {
			isa = XCConfigurationList;
			buildConfigurations = (
				8E6F3B8C220A25B8001D0C03 /* Debug */,
				8E6F3B8D220A25B8001D0C03 /* Release */,
			);
			defaultConfigurationIsVisible = 0;
			defaultConfigurationName = Release;
		};
/* End XCConfigurationList section */

/* Begin XCVersionGroup section */
		8E6F3B64220A25B6001D0C03 /* WheelyCoolApp.xcdatamodeld */ = {
			isa = XCVersionGroup;
			children = (
				8E6F3B65220A25B6001D0C03 /* WheelyCoolApp.xcdatamodel */,
			);
			currentVersion = 8E6F3B65220A25B6001D0C03 /* WheelyCoolApp.xcdatamodel */;
			path = WheelyCoolApp.xcdatamodeld;
			sourceTree = "<group>";
			versionGroupType = wrapper.xcdatamodel;
		};
/* End XCVersionGroup section */
	};
	rootObject = 8E6F3B52220A25B6001D0C03 /* Project object */;
}
